
Microsoft Visual Studio Solution File, Format Version 12.00
# Visual Studio 15
Project("{FAE04EC0-301F-11D3-BF4B-00C04F79EFBC}") = "UnityEngine.UI", "UnityEngine.UI.csproj", "{468CC066-1619-8949-43B4-B058B3B994A6}"
EndProject
Project("{FAE04EC0-301F-11D3-BF4B-00C04F79EFBC}") = "UnityEngine.TestRunner", "UnityEngine.TestRunner.csproj", "{A401E463-7BD5-3452-CC2F-2077B0102942}"
EndProject
Project("{FAE04EC0-301F-11D3-BF4B-00C04F79EFBC}") = "Unity.Mathematics", "Unity.Mathematics.csproj", "{6421222E-9B50-1EDA-BA5D-BFCEE5D68E1B}"
EndProject
Project("{FAE04EC0-301F-11D3-BF4B-00C04F79EFBC}") = "Unity.2D.Animation.Triangle.Runtime", "Unity.2D.Animation.Triangle.Runtime.csproj", "{BBA12D6E-270E-8327-A3EA-7A55DA5C8E31}"
EndProject
Project("{FAE04EC0-301F-11D3-BF4B-00C04F79EFBC}") = "Unity.Timeline", "Unity.Timeline.csproj", "{67C568E6-328D-A7C2-03E5-B1B237606D68}"
EndProject
Project("{FAE04EC0-301F-11D3-BF4B-00C04F79EFBC}") = "Unity.TextMeshPro", "Unity.TextMeshPro.csproj", "{D47340AB-E5EF-52B0-DD22-D02501653DA9}"
EndProject
Project("{FAE04EC0-301F-11D3-BF4B-00C04F79EFBC}") = "Unity.2D.Animation.Runtime", "Unity.2D.Animation.Runtime.csproj", "{0D4BE8BE-AB3B-AD28-405C-58FFDE733856}"
EndProject
Project("{FAE04EC0-301F-11D3-BF4B-00C04F79EFBC}") = "Unity.2D.IK.Runtime", "Unity.2D.IK.Runtime.csproj", "{0CD3EBF3-EE6C-97CE-E4F1-3DFEE8AD0DA7}"
EndProject
Project("{FAE04EC0-301F-11D3-BF4B-00C04F79EFBC}") = "Unity.2D.SpriteShape.Runtime", "Unity.2D.SpriteShape.Runtime.csproj", "{8A4C7AAB-2468-5777-9901-3C83D68358DC}"
EndProject
Project("{FAE04EC0-301F-11D3-BF4B-00C04F79EFBC}") = "Unity.2D.PixelPerfect", "Unity.2D.PixelPerfect.csproj", "{BD916B3C-129F-61D1-AE57-86E75FDCC5BA}"
EndProject
Project("{FAE04EC0-301F-11D3-BF4B-00C04F79EFBC}") = "Unity.2D.Common.Runtime", "Unity.2D.Common.Runtime.csproj", "{020940CE-40E0-A647-526D-EB3A786CC6B6}"
EndProject
Project("{FAE04EC0-301F-11D3-BF4B-00C04F79EFBC}") = "Unity.InternalAPIEngineBridge.001", "Unity.InternalAPIEngineBridge.001.csproj", "{D0309515-F2C1-C413-91C3-F6024F13B2DD}"
EndProject
Project("{FAE04EC0-301F-11D3-BF4B-00C04F79EFBC}") = "Assembly-CSharp", "Assembly-CSharp.csproj", "{2B5A3AE6-79B2-5F9C-C617-F85521BFC659}"
EndProject
Project("{FAE04EC0-301F-11D3-BF4B-00C04F79EFBC}") = "UnityEditor.TestRunner", "UnityEditor.TestRunner.csproj", "{39A1C538-6520-C946-7433-93D88D947F76}"
EndProject
Project("{FAE04EC0-301F-11D3-BF4B-00C04F79EFBC}") = "Unity.PlasticSCM.Editor", "Unity.PlasticSCM.Editor.csproj", "{BE28DB80-6B59-A78A-E650-24B06DB45610}"
EndProject
Project("{FAE04EC0-301F-11D3-BF4B-00C04F79EFBC}") = "UnityEditor.UI", "UnityEditor.UI.csproj", "{01CE435E-6F93-E24C-7D71-CB16A5F17930}"
EndProject
Project("{FAE04EC0-301F-11D3-BF4B-00C04F79EFBC}") = "Unity.Services.Core.Editor", "Unity.Services.Core.Editor.csproj", "{B1E53F6A-BE74-946E-CD55-947A4C4AD7DB}"
EndProject
Project("{FAE04EC0-301F-11D3-BF4B-00C04F79EFBC}") = "Unity.Timeline.Editor", "Unity.Timeline.Editor.csproj", "{4C4A0A0D-124B-9C5A-7F8B-A5D28F238301}"
EndProject
Project("{FAE04EC0-301F-11D3-BF4B-00C04F79EFBC}") = "Unity.VisualStudio.Editor", "Unity.VisualStudio.Editor.csproj", "{5FE309C0-8D82-14BD-75BB-C73695937F61}"
EndProject
Project("{FAE04EC0-301F-11D3-BF4B-00C04F79EFBC}") = "Unity.2D.Psdimporter.Editor", "Unity.2D.Psdimporter.Editor.csproj", "{DA0FC8DD-F9F7-C419-95E7-3320085C8131}"
EndProject
Project("{FAE04EC0-301F-11D3-BF4B-00C04F79EFBC}") = "Unity.2D.Animation.Editor", "Unity.2D.Animation.Editor.csproj", "{111BBA6C-2161-52CE-BA03-760125D30540}"
EndProject
Project("{FAE04EC0-301F-11D3-BF4B-00C04F79EFBC}") = "Unity.TextMeshPro.Editor", "Unity.TextMeshPro.Editor.csproj", "{173CDFA6-C05D-1439-C660-C1779C94DECB}"
EndProject
Project("{FAE04EC0-301F-11D3-BF4B-00C04F79EFBC}") = "Unity.2D.SpriteShape.Editor", "Unity.2D.SpriteShape.Editor.csproj", "{E2294C4F-DEA9-ACFB-3A61-18298263CA76}"
EndProject
Project("{FAE04EC0-301F-11D3-BF4B-00C04F79EFBC}") = "Unity.CollabProxy.Editor", "Unity.CollabProxy.Editor.csproj", "{446D3F0A-B146-D1D6-24F0-0C602291DD40}"
EndProject
Project("{FAE04EC0-301F-11D3-BF4B-00C04F79EFBC}") = "PsdPlugin", "PsdPlugin.csproj", "{D530E1A4-6AF9-9E2E-9CED-2C66E3ED7F26}"
EndProject
Project("{FAE04EC0-301F-11D3-BF4B-00C04F79EFBC}") = "Unity.2D.Path.Editor", "Unity.2D.Path.Editor.csproj", "{D8CDF933-967B-A470-E55C-F9696D579BBB}"
EndProject
Project("{FAE04EC0-301F-11D3-BF4B-00C04F79EFBC}") = "Unity.Rider.Editor", "Unity.Rider.Editor.csproj", "{48CDD12E-1487-02E5-0666-FCE64716C955}"
EndProject
Project("{FAE04EC0-301F-11D3-BF4B-00C04F79EFBC}") = "Unity.2D.IK.Editor", "Unity.2D.IK.Editor.csproj", "{9FC8174A-DD9F-6A4A-82BA-0244832CBF92}"
EndProject
Project("{FAE04EC0-301F-11D3-BF4B-00C04F79EFBC}") = "Unity.2D.Sprite.Editor", "Unity.2D.Sprite.Editor.csproj", "{EFAFC327-21F3-EA87-785E-5F19A08874DB}"
EndProject
Project("{FAE04EC0-301F-11D3-BF4B-00C04F79EFBC}") = "Unity.2D.Tilemap.Editor", "Unity.2D.Tilemap.Editor.csproj", "{F78DD439-9F2B-B832-D40F-F44F45AFC1F5}"
EndProject
Project("{FAE04EC0-301F-11D3-BF4B-00C04F79EFBC}") = "Unity.2D.PixelPerfect.Editor", "Unity.2D.PixelPerfect.Editor.csproj", "{C61F55B3-CEDF-E248-1E12-6FC885B8B3CF}"
EndProject
Project("{FAE04EC0-301F-11D3-BF4B-00C04F79EFBC}") = "Unity.VSCode.Editor", "Unity.VSCode.Editor.csproj", "{A3D1B5D6-548F-9A7E-4E8A-E5D3D6293256}"
EndProject
Project("{FAE04EC0-301F-11D3-BF4B-00C04F79EFBC}") = "Unity.2D.Common.Editor", "Unity.2D.Common.Editor.csproj", "{204E602C-DE68-DBD9-CC76-3775EC99E627}"
EndProject
Project("{FAE04EC0-301F-11D3-BF4B-00C04F79EFBC}") = "Unity.Mathematics.Editor", "Unity.Mathematics.Editor.csproj", "{D6BA93E1-F3AE-8698-AB03-44DF538EFB2D}"
EndProject
Project("{FAE04EC0-301F-11D3-BF4B-00C04F79EFBC}") = "Unity.InternalAPIEditorBridge.001", "Unity.InternalAPIEditorBridge.001.csproj", "{E96999F5-1820-B907-F581-ABB870B59058}"
EndProject
Project("{FAE04EC0-301F-11D3-BF4B-00C04F79EFBC}") = "UnityEngine.UI", "UnityEngine.UI.Player.csproj", "{F1F36005-CF5A-35F5-5A42-0844B2D4794A}"
EndProject
Project("{FAE04EC0-301F-11D3-BF4B-00C04F79EFBC}") = "UnityEngine.TestRunner", "UnityEngine.TestRunner.Player.csproj", "{3C154B8E-45CD-5A63-B46C-25AEADCC9F9F}"
EndProject
Project("{FAE04EC0-301F-11D3-BF4B-00C04F79EFBC}") = "Unity.Mathematics", "Unity.Mathematics.Player.csproj", "{DC8B29D7-4359-5BF2-7170-6C3422EC1A83}"
EndProject
Project("{FAE04EC0-301F-11D3-BF4B-00C04F79EFBC}") = "Unity.2D.Animation.Triangle.Runtime", "Unity.2D.Animation.Triangle.Runtime.Player.csproj", "{DA13938E-4EA4-1429-E85C-928A561FF2AC}"
EndProject
Project("{FAE04EC0-301F-11D3-BF4B-00C04F79EFBC}") = "Unity.Timeline", "Unity.Timeline.Player.csproj", "{F67408EC-7039-5396-014E-32CF3F15CA1B}"
EndProject
Project("{FAE04EC0-301F-11D3-BF4B-00C04F79EFBC}") = "Unity.TextMeshPro", "Unity.TextMeshPro.Player.csproj", "{F8838E9A-2CB6-7D15-DFA3-E2F3101EC4D3}"
EndProject
Project("{FAE04EC0-301F-11D3-BF4B-00C04F79EFBC}") = "Unity.2D.Animation.Runtime", "Unity.2D.Animation.Runtime.Player.csproj", "{2308EA8A-17FE-BDF6-E65E-DE69CC2A88DB}"
EndProject
Project("{FAE04EC0-301F-11D3-BF4B-00C04F79EFBC}") = "Unity.2D.IK.Runtime", "Unity.2D.IK.Runtime.Player.csproj", "{5E20D524-19ED-4327-A359-EC72A66A7828}"
EndProject
Project("{FAE04EC0-301F-11D3-BF4B-00C04F79EFBC}") = "Unity.2D.SpriteShape.Runtime", "Unity.2D.SpriteShape.Runtime.Player.csproj", "{B9904308-75AE-11BE-218D-FD1764C1032F}"
EndProject
Project("{FAE04EC0-301F-11D3-BF4B-00C04F79EFBC}") = "Unity.2D.PixelPerfect", "Unity.2D.PixelPerfect.Player.csproj", "{C68591FA-A040-ECD0-7DFF-D93F93EF692B}"
EndProject
Project("{FAE04EC0-301F-11D3-BF4B-00C04F79EFBC}") = "Unity.2D.Common.Runtime", "Unity.2D.Common.Runtime.Player.csproj", "{57B9AFEC-F245-A3C0-6665-3908E938C343}"
EndProject
Project("{FAE04EC0-301F-11D3-BF4B-00C04F79EFBC}") = "Unity.InternalAPIEngineBridge.001", "Unity.InternalAPIEngineBridge.001.Player.csproj", "{15421476-3BA3-AA69-9B16-0AF5CA00AE6B}"
EndProject
Project("{FAE04EC0-301F-11D3-BF4B-00C04F79EFBC}") = "Assembly-CSharp", "Assembly-CSharp.Player.csproj", "{E8273E4A-14B2-9570-924B-3B6102E50018}"
EndProject
Global
	GlobalSection(SolutionConfigurationPlatforms) = preSolution
		Debug|Any CPU = Debug|Any CPU
		Release|Any CPU = Release|Any CPU
	EndGlobalSection
	GlobalSection(ProjectConfigurationPlatforms) = postSolution
		{468CC066-1619-8949-43B4-B058B3B994A6}.Debug|Any CPU.ActiveCfg = Debug|Any CPU
		{468CC066-1619-8949-43B4-B058B3B994A6}.Debug|Any CPU.Build.0 = Debug|Any CPU
		{468CC066-1619-8949-43B4-B058B3B994A6}.Release|Any CPU.ActiveCfg = Release|Any CPU
		{468CC066-1619-8949-43B4-B058B3B994A6}.Release|Any CPU.Build.0 = Release|Any CPU
		{A401E463-7BD5-3452-CC2F-2077B0102942}.Debug|Any CPU.ActiveCfg = Debug|Any CPU
		{A401E463-7BD5-3452-CC2F-2077B0102942}.Debug|Any CPU.Build.0 = Debug|Any CPU
		{A401E463-7BD5-3452-CC2F-2077B0102942}.Release|Any CPU.ActiveCfg = Release|Any CPU
		{A401E463-7BD5-3452-CC2F-2077B0102942}.Release|Any CPU.Build.0 = Release|Any CPU
		{6421222E-9B50-1EDA-BA5D-BFCEE5D68E1B}.Debug|Any CPU.ActiveCfg = Debug|Any CPU
		{6421222E-9B50-1EDA-BA5D-BFCEE5D68E1B}.Debug|Any CPU.Build.0 = Debug|Any CPU
		{6421222E-9B50-1EDA-BA5D-BFCEE5D68E1B}.Release|Any CPU.ActiveCfg = Release|Any CPU
		{6421222E-9B50-1EDA-BA5D-BFCEE5D68E1B}.Release|Any CPU.Build.0 = Release|Any CPU
		{BBA12D6E-270E-8327-A3EA-7A55DA5C8E31}.Debug|Any CPU.ActiveCfg = Debug|Any CPU
		{BBA12D6E-270E-8327-A3EA-7A55DA5C8E31}.Debug|Any CPU.Build.0 = Debug|Any CPU
		{BBA12D6E-270E-8327-A3EA-7A55DA5C8E31}.Release|Any CPU.ActiveCfg = Release|Any CPU
		{BBA12D6E-270E-8327-A3EA-7A55DA5C8E31}.Release|Any CPU.Build.0 = Release|Any CPU
		{67C568E6-328D-A7C2-03E5-B1B237606D68}.Debug|Any CPU.ActiveCfg = Debug|Any CPU
		{67C568E6-328D-A7C2-03E5-B1B237606D68}.Debug|Any CPU.Build.0 = Debug|Any CPU
		{67C568E6-328D-A7C2-03E5-B1B237606D68}.Release|Any CPU.ActiveCfg = Release|Any CPU
		{67C568E6-328D-A7C2-03E5-B1B237606D68}.Release|Any CPU.Build.0 = Release|Any CPU
		{D47340AB-E5EF-52B0-DD22-D02501653DA9}.Debug|Any CPU.ActiveCfg = Debug|Any CPU
		{D47340AB-E5EF-52B0-DD22-D02501653DA9}.Debug|Any CPU.Build.0 = Debug|Any CPU
		{D47340AB-E5EF-52B0-DD22-D02501653DA9}.Release|Any CPU.ActiveCfg = Release|Any CPU
		{D47340AB-E5EF-52B0-DD22-D02501653DA9}.Release|Any CPU.Build.0 = Release|Any CPU
		{0D4BE8BE-AB3B-AD28-405C-58FFDE733856}.Debug|Any CPU.ActiveCfg = Debug|Any CPU
		{0D4BE8BE-AB3B-AD28-405C-58FFDE733856}.Debug|Any CPU.Build.0 = Debug|Any CPU
		{0D4BE8BE-AB3B-AD28-405C-58FFDE733856}.Release|Any CPU.ActiveCfg = Release|Any CPU
		{0D4BE8BE-AB3B-AD28-405C-58FFDE733856}.Release|Any CPU.Build.0 = Release|Any CPU
		{0CD3EBF3-EE6C-97CE-E4F1-3DFEE8AD0DA7}.Debug|Any CPU.ActiveCfg = Debug|Any CPU
		{0CD3EBF3-EE6C-97CE-E4F1-3DFEE8AD0DA7}.Debug|Any CPU.Build.0 = Debug|Any CPU
		{0CD3EBF3-EE6C-97CE-E4F1-3DFEE8AD0DA7}.Release|Any CPU.ActiveCfg = Release|Any CPU
		{0CD3EBF3-EE6C-97CE-E4F1-3DFEE8AD0DA7}.Release|Any CPU.Build.0 = Release|Any CPU
		{8A4C7AAB-2468-5777-9901-3C83D68358DC}.Debug|Any CPU.ActiveCfg = Debug|Any CPU
		{8A4C7AAB-2468-5777-9901-3C83D68358DC}.Debug|Any CPU.Build.0 = Debug|Any CPU
		{8A4C7AAB-2468-5777-9901-3C83D68358DC}.Release|Any CPU.ActiveCfg = Release|Any CPU
		{8A4C7AAB-2468-5777-9901-3C83D68358DC}.Release|Any CPU.Build.0 = Release|Any CPU
		{BD916B3C-129F-61D1-AE57-86E75FDCC5BA}.Debug|Any CPU.ActiveCfg = Debug|Any CPU
		{BD916B3C-129F-61D1-AE57-86E75FDCC5BA}.Debug|Any CPU.Build.0 = Debug|Any CPU
		{BD916B3C-129F-61D1-AE57-86E75FDCC5BA}.Release|Any CPU.ActiveCfg = Release|Any CPU
		{BD916B3C-129F-61D1-AE57-86E75FDCC5BA}.Release|Any CPU.Build.0 = Release|Any CPU
		{020940CE-40E0-A647-526D-EB3A786CC6B6}.Debug|Any CPU.ActiveCfg = Debug|Any CPU
		{020940CE-40E0-A647-526D-EB3A786CC6B6}.Debug|Any CPU.Build.0 = Debug|Any CPU
		{020940CE-40E0-A647-526D-EB3A786CC6B6}.Release|Any CPU.ActiveCfg = Release|Any CPU
		{020940CE-40E0-A647-526D-EB3A786CC6B6}.Release|Any CPU.Build.0 = Release|Any CPU
		{D0309515-F2C1-C413-91C3-F6024F13B2DD}.Debug|Any CPU.ActiveCfg = Debug|Any CPU
		{D0309515-F2C1-C413-91C3-F6024F13B2DD}.Debug|Any CPU.Build.0 = Debug|Any CPU
		{D0309515-F2C1-C413-91C3-F6024F13B2DD}.Release|Any CPU.ActiveCfg = Release|Any CPU
		{D0309515-F2C1-C413-91C3-F6024F13B2DD}.Release|Any CPU.Build.0 = Release|Any CPU
		{2B5A3AE6-79B2-5F9C-C617-F85521BFC659}.Debug|Any CPU.ActiveCfg = Debug|Any CPU
		{2B5A3AE6-79B2-5F9C-C617-F85521BFC659}.Debug|Any CPU.Build.0 = Debug|Any CPU
		{2B5A3AE6-79B2-5F9C-C617-F85521BFC659}.Release|Any CPU.ActiveCfg = Release|Any CPU
		{2B5A3AE6-79B2-5F9C-C617-F85521BFC659}.Release|Any CPU.Build.0 = Release|Any CPU
		{39A1C538-6520-C946-7433-93D88D947F76}.Debug|Any CPU.ActiveCfg = Debug|Any CPU
		{39A1C538-6520-C946-7433-93D88D947F76}.Debug|Any CPU.Build.0 = Debug|Any CPU
		{39A1C538-6520-C946-7433-93D88D947F76}.Release|Any CPU.ActiveCfg = Release|Any CPU
		{39A1C538-6520-C946-7433-93D88D947F76}.Release|Any CPU.Build.0 = Release|Any CPU
		{BE28DB80-6B59-A78A-E650-24B06DB45610}.Debug|Any CPU.ActiveCfg = Debug|Any CPU
		{BE28DB80-6B59-A78A-E650-24B06DB45610}.Debug|Any CPU.Build.0 = Debug|Any CPU
		{BE28DB80-6B59-A78A-E650-24B06DB45610}.Release|Any CPU.ActiveCfg = Release|Any CPU
		{BE28DB80-6B59-A78A-E650-24B06DB45610}.Release|Any CPU.Build.0 = Release|Any CPU
		{01CE435E-6F93-E24C-7D71-CB16A5F17930}.Debug|Any CPU.ActiveCfg = Debug|Any CPU
		{01CE435E-6F93-E24C-7D71-CB16A5F17930}.Debug|Any CPU.Build.0 = Debug|Any CPU
		{01CE435E-6F93-E24C-7D71-CB16A5F17930}.Release|Any CPU.ActiveCfg = Release|Any CPU
		{01CE435E-6F93-E24C-7D71-CB16A5F17930}.Release|Any CPU.Build.0 = Release|Any CPU
		{B1E53F6A-BE74-946E-CD55-947A4C4AD7DB}.Debug|Any CPU.ActiveCfg = Debug|Any CPU
		{B1E53F6A-BE74-946E-CD55-947A4C4AD7DB}.Debug|Any CPU.Build.0 = Debug|Any CPU
		{B1E53F6A-BE74-946E-CD55-947A4C4AD7DB}.Release|Any CPU.ActiveCfg = Release|Any CPU
		{B1E53F6A-BE74-946E-CD55-947A4C4AD7DB}.Release|Any CPU.Build.0 = Release|Any CPU
		{4C4A0A0D-124B-9C5A-7F8B-A5D28F238301}.Debug|Any CPU.ActiveCfg = Debug|Any CPU
		{4C4A0A0D-124B-9C5A-7F8B-A5D28F238301}.Debug|Any CPU.Build.0 = Debug|Any CPU
		{4C4A0A0D-124B-9C5A-7F8B-A5D28F238301}.Release|Any CPU.ActiveCfg = Release|Any CPU
		{4C4A0A0D-124B-9C5A-7F8B-A5D28F238301}.Release|Any CPU.Build.0 = Release|Any CPU
		{5FE309C0-8D82-14BD-75BB-C73695937F61}.Debug|Any CPU.ActiveCfg = Debug|Any CPU
		{5FE309C0-8D82-14BD-75BB-C73695937F61}.Debug|Any CPU.Build.0 = Debug|Any CPU
		{5FE309C0-8D82-14BD-75BB-C73695937F61}.Release|Any CPU.ActiveCfg = Release|Any CPU
		{5FE309C0-8D82-14BD-75BB-C73695937F61}.Release|Any CPU.Build.0 = Release|Any CPU
		{DA0FC8DD-F9F7-C419-95E7-3320085C8131}.Debug|Any CPU.ActiveCfg = Debug|Any CPU
		{DA0FC8DD-F9F7-C419-95E7-3320085C8131}.Debug|Any CPU.Build.0 = Debug|Any CPU
		{DA0FC8DD-F9F7-C419-95E7-3320085C8131}.Release|Any CPU.ActiveCfg = Release|Any CPU
		{DA0FC8DD-F9F7-C419-95E7-3320085C8131}.Release|Any CPU.Build.0 = Release|Any CPU
		{111BBA6C-2161-52CE-BA03-760125D30540}.Debug|Any CPU.ActiveCfg = Debug|Any CPU
		{111BBA6C-2161-52CE-BA03-760125D30540}.Debug|Any CPU.Build.0 = Debug|Any CPU
		{111BBA6C-2161-52CE-BA03-760125D30540}.Release|Any CPU.ActiveCfg = Release|Any CPU
		{111BBA6C-2161-52CE-BA03-760125D30540}.Release|Any CPU.Build.0 = Release|Any CPU
		{173CDFA6-C05D-1439-C660-C1779C94DECB}.Debug|Any CPU.ActiveCfg = Debug|Any CPU
		{173CDFA6-C05D-1439-C660-C1779C94DECB}.Debug|Any CPU.Build.0 = Debug|Any CPU
		{173CDFA6-C05D-1439-C660-C1779C94DECB}.Release|Any CPU.ActiveCfg = Release|Any CPU
		{173CDFA6-C05D-1439-C660-C1779C94DECB}.Release|Any CPU.Build.0 = Release|Any CPU
		{E2294C4F-DEA9-ACFB-3A61-18298263CA76}.Debug|Any CPU.ActiveCfg = Debug|Any CPU
		{E2294C4F-DEA9-ACFB-3A61-18298263CA76}.Debug|Any CPU.Build.0 = Debug|Any CPU
		{E2294C4F-DEA9-ACFB-3A61-18298263CA76}.Release|Any CPU.ActiveCfg = Release|Any CPU
		{E2294C4F-DEA9-ACFB-3A61-18298263CA76}.Release|Any CPU.Build.0 = Release|Any CPU
		{446D3F0A-B146-D1D6-24F0-0C602291DD40}.Debug|Any CPU.ActiveCfg = Debug|Any CPU
		{446D3F0A-B146-D1D6-24F0-0C602291DD40}.Debug|Any CPU.Build.0 = Debug|Any CPU
		{446D3F0A-B146-D1D6-24F0-0C602291DD40}.Release|Any CPU.ActiveCfg = Release|Any CPU
		{446D3F0A-B146-D1D6-24F0-0C602291DD40}.Release|Any CPU.Build.0 = Release|Any CPU
		{D530E1A4-6AF9-9E2E-9CED-2C66E3ED7F26}.Debug|Any CPU.ActiveCfg = Debug|Any CPU
		{D530E1A4-6AF9-9E2E-9CED-2C66E3ED7F26}.Debug|Any CPU.Build.0 = Debug|Any CPU
		{D530E1A4-6AF9-9E2E-9CED-2C66E3ED7F26}.Release|Any CPU.ActiveCfg = Release|Any CPU
		{D530E1A4-6AF9-9E2E-9CED-2C66E3ED7F26}.Release|Any CPU.Build.0 = Release|Any CPU
		{D8CDF933-967B-A470-E55C-F9696D579BBB}.Debug|Any CPU.ActiveCfg = Debug|Any CPU
		{D8CDF933-967B-A470-E55C-F9696D579BBB}.Debug|Any CPU.Build.0 = Debug|Any CPU
		{D8CDF933-967B-A470-E55C-F9696D579BBB}.Release|Any CPU.ActiveCfg = Release|Any CPU
		{D8CDF933-967B-A470-E55C-F9696D579BBB}.Release|Any CPU.Build.0 = Release|Any CPU
		{48CDD12E-1487-02E5-0666-FCE64716C955}.Debug|Any CPU.ActiveCfg = Debug|Any CPU
		{48CDD12E-1487-02E5-0666-FCE64716C955}.Debug|Any CPU.Build.0 = Debug|Any CPU
		{48CDD12E-1487-02E5-0666-FCE64716C955}.Release|Any CPU.ActiveCfg = Release|Any CPU
		{48CDD12E-1487-02E5-0666-FCE64716C955}.Release|Any CPU.Build.0 = Release|Any CPU
		{9FC8174A-DD9F-6A4A-82BA-0244832CBF92}.Debug|Any CPU.ActiveCfg = Debug|Any CPU
		{9FC8174A-DD9F-6A4A-82BA-0244832CBF92}.Debug|Any CPU.Build.0 = Debug|Any CPU
		{9FC8174A-DD9F-6A4A-82BA-0244832CBF92}.Release|Any CPU.ActiveCfg = Release|Any CPU
		{9FC8174A-DD9F-6A4A-82BA-0244832CBF92}.Release|Any CPU.Build.0 = Release|Any CPU
		{EFAFC327-21F3-EA87-785E-5F19A08874DB}.Debug|Any CPU.ActiveCfg = Debug|Any CPU
		{EFAFC327-21F3-EA87-785E-5F19A08874DB}.Debug|Any CPU.Build.0 = Debug|Any CPU
		{EFAFC327-21F3-EA87-785E-5F19A08874DB}.Release|Any CPU.ActiveCfg = Release|Any CPU
		{EFAFC327-21F3-EA87-785E-5F19A08874DB}.Release|Any CPU.Build.0 = Release|Any CPU
		{F78DD439-9F2B-B832-D40F-F44F45AFC1F5}.Debug|Any CPU.ActiveCfg = Debug|Any CPU
		{F78DD439-9F2B-B832-D40F-F44F45AFC1F5}.Debug|Any CPU.Build.0 = Debug|Any CPU
		{F78DD439-9F2B-B832-D40F-F44F45AFC1F5}.Release|Any CPU.ActiveCfg = Release|Any CPU
		{F78DD439-9F2B-B832-D40F-F44F45AFC1F5}.Release|Any CPU.Build.0 = Release|Any CPU
		{C61F55B3-CEDF-E248-1E12-6FC885B8B3CF}.Debug|Any CPU.ActiveCfg = Debug|Any CPU
		{C61F55B3-CEDF-E248-1E12-6FC885B8B3CF}.Debug|Any CPU.Build.0 = Debug|Any CPU
		{C61F55B3-CEDF-E248-1E12-6FC885B8B3CF}.Release|Any CPU.ActiveCfg = Release|Any CPU
		{C61F55B3-CEDF-E248-1E12-6FC885B8B3CF}.Release|Any CPU.Build.0 = Release|Any CPU
		{A3D1B5D6-548F-9A7E-4E8A-E5D3D6293256}.Debug|Any CPU.ActiveCfg = Debug|Any CPU
		{A3D1B5D6-548F-9A7E-4E8A-E5D3D6293256}.Debug|Any CPU.Build.0 = Debug|Any CPU
		{A3D1B5D6-548F-9A7E-4E8A-E5D3D6293256}.Release|Any CPU.ActiveCfg = Release|Any CPU
		{A3D1B5D6-548F-9A7E-4E8A-E5D3D6293256}.Release|Any CPU.Build.0 = Release|Any CPU
		{204E602C-DE68-DBD9-CC76-3775EC99E627}.Debug|Any CPU.ActiveCfg = Debug|Any CPU
		{204E602C-DE68-DBD9-CC76-3775EC99E627}.Debug|Any CPU.Build.0 = Debug|Any CPU
		{204E602C-DE68-DBD9-CC76-3775EC99E627}.Release|Any CPU.ActiveCfg = Release|Any CPU
		{204E602C-DE68-DBD9-CC76-3775EC99E627}.Release|Any CPU.Build.0 = Release|Any CPU
		{D6BA93E1-F3AE-8698-AB03-44DF538EFB2D}.Debug|Any CPU.ActiveCfg = Debug|Any CPU
		{D6BA93E1-F3AE-8698-AB03-44DF538EFB2D}.Debug|Any CPU.Build.0 = Debug|Any CPU
		{D6BA93E1-F3AE-8698-AB03-44DF538EFB2D}.Release|Any CPU.ActiveCfg = Release|Any CPU
		{D6BA93E1-F3AE-8698-AB03-44DF538EFB2D}.Release|Any CPU.Build.0 = Release|Any CPU
		{E96999F5-1820-B907-F581-ABB870B59058}.Debug|Any CPU.ActiveCfg = Debug|Any CPU
		{E96999F5-1820-B907-F581-ABB870B59058}.Debug|Any CPU.Build.0 = Debug|Any CPU
		{E96999F5-1820-B907-F581-ABB870B59058}.Release|Any CPU.ActiveCfg = Release|Any CPU
		{E96999F5-1820-B907-F581-ABB870B59058}.Release|Any CPU.Build.0 = Release|Any CPU
		{F1F36005-CF5A-35F5-5A42-0844B2D4794A}.Debug|Any CPU.ActiveCfg = Debug|Any CPU
		{F1F36005-CF5A-35F5-5A42-0844B2D4794A}.Debug|Any CPU.Build.0 = Debug|Any CPU
		{F1F36005-CF5A-35F5-5A42-0844B2D4794A}.Release|Any CPU.ActiveCfg = Release|Any CPU
		{F1F36005-CF5A-35F5-5A42-0844B2D4794A}.Release|Any CPU.Build.0 = Release|Any CPU
		{3C154B8E-45CD-5A63-B46C-25AEADCC9F9F}.Debug|Any CPU.ActiveCfg = Debug|Any CPU
		{3C154B8E-45CD-5A63-B46C-25AEADCC9F9F}.Debug|Any CPU.Build.0 = Debug|Any CPU
		{3C154B8E-45CD-5A63-B46C-25AEADCC9F9F}.Release|Any CPU.ActiveCfg = Release|Any CPU
		{3C154B8E-45CD-5A63-B46C-25AEADCC9F9F}.Release|Any CPU.Build.0 = Release|Any CPU
		{DC8B29D7-4359-5BF2-7170-6C3422EC1A83}.Debug|Any CPU.ActiveCfg = Debug|Any CPU
		{DC8B29D7-4359-5BF2-7170-6C3422EC1A83}.Debug|Any CPU.Build.0 = Debug|Any CPU
		{DC8B29D7-4359-5BF2-7170-6C3422EC1A83}.Release|Any CPU.ActiveCfg = Release|Any CPU
		{DC8B29D7-4359-5BF2-7170-6C3422EC1A83}.Release|Any CPU.Build.0 = Release|Any CPU
		{DA13938E-4EA4-1429-E85C-928A561FF2AC}.Debug|Any CPU.ActiveCfg = Debug|Any CPU
		{DA13938E-4EA4-1429-E85C-928A561FF2AC}.Debug|Any CPU.Build.0 = Debug|Any CPU
		{DA13938E-4EA4-1429-E85C-928A561FF2AC}.Release|Any CPU.ActiveCfg = Release|Any CPU
		{DA13938E-4EA4-1429-E85C-928A561FF2AC}.Release|Any CPU.Build.0 = Release|Any CPU
		{F67408EC-7039-5396-014E-32CF3F15CA1B}.Debug|Any CPU.ActiveCfg = Debug|Any CPU
		{F67408EC-7039-5396-014E-32CF3F15CA1B}.Debug|Any CPU.Build.0 = Debug|Any CPU
		{F67408EC-7039-5396-014E-32CF3F15CA1B}.Release|Any CPU.ActiveCfg = Release|Any CPU
		{F67408EC-7039-5396-014E-32CF3F15CA1B}.Release|Any CPU.Build.0 = Release|Any CPU
		{F8838E9A-2CB6-7D15-DFA3-E2F3101EC4D3}.Debug|Any CPU.ActiveCfg = Debug|Any CPU
		{F8838E9A-2CB6-7D15-DFA3-E2F3101EC4D3}.Debug|Any CPU.Build.0 = Debug|Any CPU
		{F8838E9A-2CB6-7D15-DFA3-E2F3101EC4D3}.Release|Any CPU.ActiveCfg = Release|Any CPU
		{F8838E9A-2CB6-7D15-DFA3-E2F3101EC4D3}.Release|Any CPU.Build.0 = Release|Any CPU
		{2308EA8A-17FE-BDF6-E65E-DE69CC2A88DB}.Debug|Any CPU.ActiveCfg = Debug|Any CPU
		{2308EA8A-17FE-BDF6-E65E-DE69CC2A88DB}.Debug|Any CPU.Build.0 = Debug|Any CPU
		{2308EA8A-17FE-BDF6-E65E-DE69CC2A88DB}.Release|Any CPU.ActiveCfg = Release|Any CPU
		{2308EA8A-17FE-BDF6-E65E-DE69CC2A88DB}.Release|Any CPU.Build.0 = Release|Any CPU
		{5E20D524-19ED-4327-A359-EC72A66A7828}.Debug|Any CPU.ActiveCfg = Debug|Any CPU
		{5E20D524-19ED-4327-A359-EC72A66A7828}.Debug|Any CPU.Build.0 = Debug|Any CPU
		{5E20D524-19ED-4327-A359-EC72A66A7828}.Release|Any CPU.ActiveCfg = Release|Any CPU
		{5E20D524-19ED-4327-A359-EC72A66A7828}.Release|Any CPU.Build.0 = Release|Any CPU
		{B9904308-75AE-11BE-218D-FD1764C1032F}.Debug|Any CPU.ActiveCfg = Debug|Any CPU
		{B9904308-75AE-11BE-218D-FD1764C1032F}.Debug|Any CPU.Build.0 = Debug|Any CPU
		{B9904308-75AE-11BE-218D-FD1764C1032F}.Release|Any CPU.ActiveCfg = Release|Any CPU
		{B9904308-75AE-11BE-218D-FD1764C1032F}.Release|Any CPU.Build.0 = Release|Any CPU
		{C68591FA-A040-ECD0-7DFF-D93F93EF692B}.Debug|Any CPU.ActiveCfg = Debug|Any CPU
		{C68591FA-A040-ECD0-7DFF-D93F93EF692B}.Debug|Any CPU.Build.0 = Debug|Any CPU
		{C68591FA-A040-ECD0-7DFF-D93F93EF692B}.Release|Any CPU.ActiveCfg = Release|Any CPU
		{C68591FA-A040-ECD0-7DFF-D93F93EF692B}.Release|Any CPU.Build.0 = Release|Any CPU
		{57B9AFEC-F245-A3C0-6665-3908E938C343}.Debug|Any CPU.ActiveCfg = Debug|Any CPU
		{57B9AFEC-F245-A3C0-6665-3908E938C343}.Debug|Any CPU.Build.0 = Debug|Any CPU
		{57B9AFEC-F245-A3C0-6665-3908E938C343}.Release|Any CPU.ActiveCfg = Release|Any CPU
		{57B9AFEC-F245-A3C0-6665-3908E938C343}.Release|Any CPU.Build.0 = Release|Any CPU
		{15421476-3BA3-AA69-9B16-0AF5CA00AE6B}.Debug|Any CPU.ActiveCfg = Debug|Any CPU
		{15421476-3BA3-AA69-9B16-0AF5CA00AE6B}.Debug|Any CPU.Build.0 = Debug|Any CPU
		{15421476-3BA3-AA69-9B16-0AF5CA00AE6B}.Release|Any CPU.ActiveCfg = Release|Any CPU
		{15421476-3BA3-AA69-9B16-0AF5CA00AE6B}.Release|Any CPU.Build.0 = Release|Any CPU
		{E8273E4A-14B2-9570-924B-3B6102E50018}.Debug|Any CPU.ActiveCfg = Debug|Any CPU
		{E8273E4A-14B2-9570-924B-3B6102E50018}.Debug|Any CPU.Build.0 = Debug|Any CPU
		{E8273E4A-14B2-9570-924B-3B6102E50018}.Release|Any CPU.ActiveCfg = Release|Any CPU
		{E8273E4A-14B2-9570-924B-3B6102E50018}.Release|Any CPU.Build.0 = Release|Any CPU
	EndGlobalSection
	GlobalSection(SolutionProperties) = preSolution
		HideSolutionNode = FALSE
	EndGlobalSection
EndGlobal
